[root]
name = "gdk-pixbuf"
version = "0.0.1"
dependencies = [
 "gdk-pixbuf-sys 0.3.0 (git+https://github.com/gtk-rs/sys)",
 "glib 0.0.8 (git+https://github.com/gtk-rs/glib)",
 "gtk-rs-lgpl-docs 0.0.1 (git+https://github.com/gtk-rs/lgpl-docs)",
 "libc 0.2.8 (registry+https://github.com/rust-lang/crates.io-index)",
]

[[package]]
name = "bitflags"
version = "0.4.0"
source = "registry+https://github.com/rust-lang/crates.io-index"

[[package]]
name = "gdk-pixbuf-sys"
version = "0.3.0"
source = "git+https://github.com/gtk-rs/sys#8924ad29e0c551faa2f8b622c27a9dfed1044b74"
dependencies = [
 "bitflags 0.4.0 (registry+https://github.com/rust-lang/crates.io-index)",
 "gio-sys 0.3.0 (git+https://github.com/gtk-rs/sys)",
 "glib-sys 0.3.0 (git+https://github.com/gtk-rs/sys)",
 "gobject-sys 0.3.0 (git+https://github.com/gtk-rs/sys)",
 "libc 0.2.8 (registry+https://github.com/rust-lang/crates.io-index)",
 "pkg-config 0.3.8 (registry+https://github.com/rust-lang/crates.io-index)",
]

[[package]]
name = "gio-sys"
version = "0.3.0"
source = "git+https://github.com/gtk-rs/sys#8924ad29e0c551faa2f8b622c27a9dfed1044b74"
dependencies = [
 "bitflags 0.4.0 (registry+https://github.com/rust-lang/crates.io-index)",
 "glib-sys 0.3.0 (git+https://github.com/gtk-rs/sys)",
 "gobject-sys 0.3.0 (git+https://github.com/gtk-rs/sys)",
 "libc 0.2.8 (registry+https://github.com/rust-lang/crates.io-index)",
 "pkg-config 0.3.8 (registry+https://github.com/rust-lang/crates.io-index)",
]

[[package]]
name = "glib"
version = "0.0.8"
source = "git+https://github.com/gtk-rs/glib#5e944944f80cfd1ced49b8e7abebe1e97f470019"
dependencies = [
 "gio-sys 0.3.0 (git+https://github.com/gtk-rs/sys)",
 "glib-sys 0.3.0 (git+https://github.com/gtk-rs/sys)",
 "gobject-sys 0.3.0 (git+https://github.com/gtk-rs/sys)",
 "libc 0.2.8 (registry+https://github.com/rust-lang/crates.io-index)",
]

[[package]]
name = "glib-sys"
version = "0.3.0"
source = "git+https://github.com/gtk-rs/sys#8924ad29e0c551faa2f8b622c27a9dfed1044b74"
dependencies = [
 "bitflags 0.4.0 (registry+https://github.com/rust-lang/crates.io-index)",
 "libc 0.2.8 (registry+https://github.com/rust-lang/crates.io-index)",
 "pkg-config 0.3.8 (registry+https://github.com/rust-lang/crates.io-index)",
]

[[package]]
name = "gobject-sys"
version = "0.3.0"
source = "git+https://github.com/gtk-rs/sys#8924ad29e0c551faa2f8b622c27a9dfed1044b74"
dependencies = [
 "bitflags 0.4.0 (registry+https://github.com/rust-lang/crates.io-index)",
 "glib-sys 0.3.0 (git+https://github.com/gtk-rs/sys)",
 "libc 0.2.8 (registry+https://github.com/rust-lang/crates.io-index)",
 "pkg-config 0.3.8 (registry+https://github.com/rust-lang/crates.io-index)",
]

[[package]]
name = "gtk-rs-lgpl-docs"
version = "0.0.1"
source = "git+https://github.com/gtk-rs/lgpl-docs#9eb5bf058e7a352dfa081b92a21c3b0b0024a950"
dependencies = [
 "rustdoc-stripper 0.1.0 (registry+https://github.com/rust-lang/crates.io-index)",
]

[[package]]
name = "libc"
version = "0.2.8"
source = "registry+https://github.com/rust-lang/crates.io-index"

[[package]]
name = "pkg-config"
version = "0.3.8"
source = "registry+https://github.com/rust-lang/crates.io-index"

[[package]]
name = "rustdoc-stripper"
version = "0.1.0"
source = "registry+https://github.com/rust-lang/crates.io-index"

